
Microsoft Visual Studio Solution File, Format Version 12.00
# Visual Studio Version 17
VisualStudioVersion = 17.2.32519.379
MinimumVisualStudioVersion = 10.0.40219.1
Project("{9A19103F-16F7-4668-BE54-9A1E7A4F7556}") = "Sprachfeatures", "Sprachfeatures\Sprachfeatures.csproj", "{E8DBF3D6-24E4-42EB-82FA-6B55AFC446CC}"
EndProject
Project("{9A19103F-16F7-4668-BE54-9A1E7A4F7556}") = "TopLevelStatements", "TopLevelStatements\TopLevelStatements.csproj", "{1F151DAF-1DB7-4A74-9A04-82E111EA5C5D}"
EndProject
Project("{9A19103F-16F7-4668-BE54-9A1E7A4F7556}") = "DelegatesEvents", "DelegatesEvents\DelegatesEvents.csproj", "{355D3FEF-77D7-43CF-99E2-8FA9889D31D2}"
EndProject
Project("{9A19103F-16F7-4668-BE54-9A1E7A4F7556}") = "Generics", "Generics\Generics.csproj", "{E817E745-48C9-4DAD-B227-C3EE03A47A95}"
EndProject
Project("{9A19103F-16F7-4668-BE54-9A1E7A4F7556}") = "Serialisierung", "Serialisierung\Serialisierung.csproj", "{9481F8AF-8941-4339-BAA8-BF0231150BC2}"
EndProject
Project("{9A19103F-16F7-4668-BE54-9A1E7A4F7556}") = "Multithreading", "Multithreading\Multithreading.csproj", "{C7F2237F-9E12-4160-8316-1ED4C5E382E1}"
EndProject
Project("{9A19103F-16F7-4668-BE54-9A1E7A4F7556}") = "Multitasking", "Multitasking\Multitasking.csproj", "{C5E7EA9E-254A-4725-A866-5B26B1132128}"
EndProject
Project("{FAE04EC0-301F-11D3-BF4B-00C04F79EFBC}") = "AsyncAwait", "AsyncAwait\AsyncAwait.csproj", "{81DDA86C-FD53-403C-A4C9-F672472C9DD6}"
EndProject
Project("{FAE04EC0-301F-11D3-BF4B-00C04F79EFBC}") = "AsyncAwaitWPF", "AsyncAwaitWPF\AsyncAwaitWPF.csproj", "{946162B9-C293-4B6C-A098-0DDC5C3982A5}"
EndProject
Project("{FAE04EC0-301F-11D3-BF4B-00C04F79EFBC}") = "Reflection", "Reflection\Reflection.csproj", "{9BDD0BD8-412B-423D-92A5-E2CCA9949133}"
EndProject
Project("{FAE04EC0-301F-11D3-BF4B-00C04F79EFBC}") = "PluginBase", "PluginBase\PluginBase.csproj", "{03A7E77C-E171-4AE4-BE9C-7157CF0CEF9F}"
EndProject
Project("{FAE04EC0-301F-11D3-BF4B-00C04F79EFBC}") = "Plugin", "Plugin\Plugin.csproj", "{EEF6F303-D663-4D31-876D-EF98324A96F3}"
EndProject
Project("{FAE04EC0-301F-11D3-BF4B-00C04F79EFBC}") = "PluginClient", "PluginClient\PluginClient.csproj", "{A8F6FE17-02A8-46C0-911C-5D6742DD14CB}"
EndProject
Global
	GlobalSection(SolutionConfigurationPlatforms) = preSolution
		Debug|Any CPU = Debug|Any CPU
		Release|Any CPU = Release|Any CPU
	EndGlobalSection
	GlobalSection(ProjectConfigurationPlatforms) = postSolution
		{E8DBF3D6-24E4-42EB-82FA-6B55AFC446CC}.Debug|Any CPU.ActiveCfg = Debug|Any CPU
		{E8DBF3D6-24E4-42EB-82FA-6B55AFC446CC}.Debug|Any CPU.Build.0 = Debug|Any CPU
		{E8DBF3D6-24E4-42EB-82FA-6B55AFC446CC}.Release|Any CPU.ActiveCfg = Release|Any CPU
		{E8DBF3D6-24E4-42EB-82FA-6B55AFC446CC}.Release|Any CPU.Build.0 = Release|Any CPU
		{1F151DAF-1DB7-4A74-9A04-82E111EA5C5D}.Debug|Any CPU.ActiveCfg = Debug|Any CPU
		{1F151DAF-1DB7-4A74-9A04-82E111EA5C5D}.Debug|Any CPU.Build.0 = Debug|Any CPU
		{1F151DAF-1DB7-4A74-9A04-82E111EA5C5D}.Release|Any CPU.ActiveCfg = Release|Any CPU
		{1F151DAF-1DB7-4A74-9A04-82E111EA5C5D}.Release|Any CPU.Build.0 = Release|Any CPU
		{355D3FEF-77D7-43CF-99E2-8FA9889D31D2}.Debug|Any CPU.ActiveCfg = Debug|Any CPU
		{355D3FEF-77D7-43CF-99E2-8FA9889D31D2}.Debug|Any CPU.Build.0 = Debug|Any CPU
		{355D3FEF-77D7-43CF-99E2-8FA9889D31D2}.Release|Any CPU.ActiveCfg = Release|Any CPU
		{355D3FEF-77D7-43CF-99E2-8FA9889D31D2}.Release|Any CPU.Build.0 = Release|Any CPU
		{E817E745-48C9-4DAD-B227-C3EE03A47A95}.Debug|Any CPU.ActiveCfg = Debug|Any CPU
		{E817E745-48C9-4DAD-B227-C3EE03A47A95}.Debug|Any CPU.Build.0 = Debug|Any CPU
		{E817E745-48C9-4DAD-B227-C3EE03A47A95}.Release|Any CPU.ActiveCfg = Release|Any CPU
		{E817E745-48C9-4DAD-B227-C3EE03A47A95}.Release|Any CPU.Build.0 = Release|Any CPU
		{9481F8AF-8941-4339-BAA8-BF0231150BC2}.Debug|Any CPU.ActiveCfg = Debug|Any CPU
		{9481F8AF-8941-4339-BAA8-BF0231150BC2}.Debug|Any CPU.Build.0 = Debug|Any CPU
		{9481F8AF-8941-4339-BAA8-BF0231150BC2}.Release|Any CPU.ActiveCfg = Release|Any CPU
		{9481F8AF-8941-4339-BAA8-BF0231150BC2}.Release|Any CPU.Build.0 = Release|Any CPU
		{C7F2237F-9E12-4160-8316-1ED4C5E382E1}.Debug|Any CPU.ActiveCfg = Debug|Any CPU
		{C7F2237F-9E12-4160-8316-1ED4C5E382E1}.Debug|Any CPU.Build.0 = Debug|Any CPU
		{C7F2237F-9E12-4160-8316-1ED4C5E382E1}.Release|Any CPU.ActiveCfg = Release|Any CPU
		{C7F2237F-9E12-4160-8316-1ED4C5E382E1}.Release|Any CPU.Build.0 = Release|Any CPU
		{C5E7EA9E-254A-4725-A866-5B26B1132128}.Debug|Any CPU.ActiveCfg = Debug|Any CPU
		{C5E7EA9E-254A-4725-A866-5B26B1132128}.Debug|Any CPU.Build.0 = Debug|Any CPU
		{C5E7EA9E-254A-4725-A866-5B26B1132128}.Release|Any CPU.ActiveCfg = Release|Any CPU
		{C5E7EA9E-254A-4725-A866-5B26B1132128}.Release|Any CPU.Build.0 = Release|Any CPU
		{81DDA86C-FD53-403C-A4C9-F672472C9DD6}.Debug|Any CPU.ActiveCfg = Debug|Any CPU
		{81DDA86C-FD53-403C-A4C9-F672472C9DD6}.Debug|Any CPU.Build.0 = Debug|Any CPU
		{81DDA86C-FD53-403C-A4C9-F672472C9DD6}.Release|Any CPU.ActiveCfg = Release|Any CPU
		{81DDA86C-FD53-403C-A4C9-F672472C9DD6}.Release|Any CPU.Build.0 = Release|Any CPU
		{946162B9-C293-4B6C-A098-0DDC5C3982A5}.Debug|Any CPU.ActiveCfg = Debug|Any CPU
		{946162B9-C293-4B6C-A098-0DDC5C3982A5}.Debug|Any CPU.Build.0 = Debug|Any CPU
		{946162B9-C293-4B6C-A098-0DDC5C3982A5}.Release|Any CPU.ActiveCfg = Release|Any CPU
		{946162B9-C293-4B6C-A098-0DDC5C3982A5}.Release|Any CPU.Build.0 = Release|Any CPU
		{9BDD0BD8-412B-423D-92A5-E2CCA9949133}.Debug|Any CPU.ActiveCfg = Debug|Any CPU
		{9BDD0BD8-412B-423D-92A5-E2CCA9949133}.Debug|Any CPU.Build.0 = Debug|Any CPU
		{9BDD0BD8-412B-423D-92A5-E2CCA9949133}.Release|Any CPU.ActiveCfg = Release|Any CPU
		{9BDD0BD8-412B-423D-92A5-E2CCA9949133}.Release|Any CPU.Build.0 = Release|Any CPU
		{03A7E77C-E171-4AE4-BE9C-7157CF0CEF9F}.Debug|Any CPU.ActiveCfg = Debug|Any CPU
		{03A7E77C-E171-4AE4-BE9C-7157CF0CEF9F}.Debug|Any CPU.Build.0 = Debug|Any CPU
		{03A7E77C-E171-4AE4-BE9C-7157CF0CEF9F}.Release|Any CPU.ActiveCfg = Release|Any CPU
		{03A7E77C-E171-4AE4-BE9C-7157CF0CEF9F}.Release|Any CPU.Build.0 = Release|Any CPU
		{EEF6F303-D663-4D31-876D-EF98324A96F3}.Debug|Any CPU.ActiveCfg = Debug|Any CPU
		{EEF6F303-D663-4D31-876D-EF98324A96F3}.Debug|Any CPU.Build.0 = Debug|Any CPU
		{EEF6F303-D663-4D31-876D-EF98324A96F3}.Release|Any CPU.ActiveCfg = Release|Any CPU
		{EEF6F303-D663-4D31-876D-EF98324A96F3}.Release|Any CPU.Build.0 = Release|Any CPU
		{A8F6FE17-02A8-46C0-911C-5D6742DD14CB}.Debug|Any CPU.ActiveCfg = Debug|Any CPU
		{A8F6FE17-02A8-46C0-911C-5D6742DD14CB}.Debug|Any CPU.Build.0 = Debug|Any CPU
		{A8F6FE17-02A8-46C0-911C-5D6742DD14CB}.Release|Any CPU.ActiveCfg = Release|Any CPU
		{A8F6FE17-02A8-46C0-911C-5D6742DD14CB}.Release|Any CPU.Build.0 = Release|Any CPU
	EndGlobalSection
	GlobalSection(SolutionProperties) = preSolution
		HideSolutionNode = FALSE
	EndGlobalSection
	GlobalSection(ExtensibilityGlobals) = postSolution
		SolutionGuid = {5FB09D00-0D13-4519-9607-2EB8D0275AEE}
	EndGlobalSection
EndGlobal
